
Microsoft Visual Studio Solution File, Format Version 12.00
# Visual Studio 15
VisualStudioVersion = 15.0.27703.2035
MinimumVisualStudioVersion = 10.0.40219.1
Project("{E24C65DC-7377-472B-9ABA-BC803B73C61A}") = "kevin_porfolio", "kevin_porfolio\", "{30D2921F-160C-4493-A57D-5D5451CE0897}"
	ProjectSection(WebsiteProperties) = preProject
		TargetFrameworkMoniker = ".NETFramework,Version%3Dv4.6.1"
		Debug.AspNetCompiler.VirtualPath = "/localhost_51182"
		Debug.AspNetCompiler.PhysicalPath = "kevin_porfolio\"
		Debug.AspNetCompiler.TargetPath = "PrecompiledWeb\localhost_51182\"
		Debug.AspNetCompiler.Updateable = "true"
		Debug.AspNetCompiler.ForceOverwrite = "true"
		Debug.AspNetCompiler.FixedNames = "false"
		Debug.AspNetCompiler.Debug = "True"
		Release.AspNetCompiler.VirtualPath = "/localhost_51182"
		Release.AspNetCompiler.PhysicalPath = "kevin_porfolio\"
		Release.AspNetCompiler.TargetPath = "PrecompiledWeb\localhost_51182\"
		Release.AspNetCompiler.Updateable = "true"
		Release.AspNetCompiler.ForceOverwrite = "true"
		Release.AspNetCompiler.FixedNames = "false"
		Release.AspNetCompiler.Debug = "False"
		VWDPort = "51182"
		SlnRelativePath = "kevin_porfolio\"
		DefaultWebSiteLanguage = "Visual C#"
	EndProjectSection
EndProject
Global
	GlobalSection(SolutionConfigurationPlatforms) = preSolution
		Debug|Any CPU = Debug|Any CPU
	EndGlobalSection
	GlobalSection(ProjectConfigurationPlatforms) = postSolution
		{30D2921F-160C-4493-A57D-5D5451CE0897}.Debug|Any CPU.ActiveCfg = Debug|Any CPU
		{30D2921F-160C-4493-A57D-5D5451CE0897}.Debug|Any CPU.Build.0 = Debug|Any CPU
	EndGlobalSection
	GlobalSection(SolutionProperties) = preSolution
		HideSolutionNode = FALSE
	EndGlobalSection
	GlobalSection(ExtensibilityGlobals) = postSolution
		SolutionGuid = {37B20B8C-5546-4209-9E9F-D5634CAD0330}
	EndGlobalSection
EndGlobal
